
Microsoft Visual Studio Solution File, Format Version 12.00
# Visual Studio Version 16
VisualStudioVersion = 16.0.31702.278
MinimumVisualStudioVersion = 10.0.40219.1
Project("{F184B08F-C81C-45F6-A57F-5ABD9991F28F}") = "BelajarVisual", "BelajarVisual\BelajarVisual.vbproj", "{948692E5-8DFE-44E5-8D62-051DEDAE2133}"
EndProject
Global
	GlobalSection(SolutionConfigurationPlatforms) = preSolution
		Debug|Any CPU = Debug|Any CPU
		Release|Any CPU = Release|Any CPU
	EndGlobalSection
	GlobalSection(ProjectConfigurationPlatforms) = postSolution
		{948692E5-8DFE-44E5-8D62-051DEDAE2133}.Debug|Any CPU.ActiveCfg = Debug|Any CPU
		{948692E5-8DFE-44E5-8D62-051DEDAE2133}.Debug|Any CPU.Build.0 = Debug|Any CPU
		{948692E5-8DFE-44E5-8D62-051DEDAE2133}.Release|Any CPU.ActiveCfg = Release|Any CPU
		{948692E5-8DFE-44E5-8D62-051DEDAE2133}.Release|Any CPU.Build.0 = Release|Any CPU
	EndGlobalSection
	GlobalSection(SolutionProperties) = preSolution
		HideSolutionNode = FALSE
	EndGlobalSection
	GlobalSection(ExtensibilityGlobals) = postSolution
		SolutionGuid = {129FA2C8-1451-4605-8149-C4F1442C8EE0}
	EndGlobalSection
EndGlobal
